<?xml version="1.0" encoding="utf-8"?>
<Project ToolsVersion="4.0" xmlns="http://schemas.microsoft.com/developer/msbuild/2003">
  <ItemGroup>
    <Filter Include="源文件">
      <UniqueIdentifier>{4FC737F1-C7A5-4376-A066-2A32D752A2FF}</UniqueIdentifier>
      <Extensions>cpp;c;cc;cxx;def;odl;idl;hpj;bat;asm;asmx</Extensions>
    </Filter>
    <Filter Include="头文件">
      <UniqueIdentifier>{93995380-89BD-4b04-88EB-625FBE52EBFB}</UniqueIdentifier>
      <Extensions>h;hh;hpp;hxx;hm;inl;inc;xsd</Extensions>
    </Filter>
    <Filter Include="资源文件">
      <UniqueIdentifier>{67DA6AB6-F800-4c08-8B7A-83BB121AAD01}</UniqueIdentifier>
      <Extensions>rc;ico;cur;bmp;dlg;rc2;rct;bin;rgs;gif;jpg;jpeg;jpe;resx;tiff;tif;png;wav;mfcribbon-ms</Extensions>
    </Filter>
  </ItemGroup>
  <ItemGroup>
    <ClInclude Include="sql\SqlDatabase.h">
      <Filter>头文件</Filter>
    </ClInclude>
    <ClInclude Include="sql\SqlQuery.h">
      <Filter>头文件</Filter>
    </ClInclude>
    <ClInclude Include="sql\SqlQueryModel .h">
      <Filter>头文件</Filter>
    </ClInclude>
    <ClInclude Include="model\database.h">
      <Filter>头文件</Filter>
    </ClInclude>
    <ClInclude Include="model\IMGroup.hxx">
      <Filter>头文件</Filter>
    </ClInclude>
    <ClInclude Include="model\IMGroupMember.hxx">
      <Filter>头文件</Filter>
    </ClInclude>
    <ClInclude Include="model\IMGroupMember-odb.hxx">
      <Filter>头文件</Filter>
    </ClInclude>
    <ClInclude Include="model\IMGroup-odb.hxx">
      <Filter>头文件</Filter>
    </ClInclude>
    <ClInclude Include="model\IMMessage.hxx">
      <Filter>头文件</Filter>
    </ClInclude>
    <ClInclude Include="model\IMMessage-odb.hxx">
      <Filter>头文件</Filter>
    </ClInclude>
    <ClInclude Include="model\Model.h">
      <Filter>头文件</Filter>
    </ClInclude>
    <ClInclude Include="model\Relationship.hxx">
      <Filter>头文件</Filter>
    </ClInclude>
    <ClInclude Include="model\Relationship-odb.hxx">
      <Filter>头文件</Filter>
    </ClInclude>
    <ClInclude Include="model\structInfo.h">
      <Filter>头文件</Filter>
    </ClInclude>
    <ClInclude Include="model\type.h">
      <Filter>头文件</Filter>
    </ClInclude>
    <ClInclude Include="model\User.hxx">
      <Filter>头文件</Filter>
    </ClInclude>
    <ClInclude Include="model\User-odb.hxx">
      <Filter>头文件</Filter>
    </ClInclude>
  </ItemGroup>
  <ItemGroup>
    <ClCompile Include="model\IMGroup.cpp">
      <Filter>源文件</Filter>
    </ClCompile>
    <ClCompile Include="model\IMGroupMember.cpp">
      <Filter>源文件</Filter>
    </ClCompile>
    <ClCompile Include="model\IMGroupMember-odb.cpp">
      <Filter>源文件</Filter>
    </ClCompile>
    <ClCompile Include="model\IMGroup-odb.cpp">
      <Filter>源文件</Filter>
    </ClCompile>
    <ClCompile Include="model\IMMessage.cpp">
      <Filter>源文件</Filter>
    </ClCompile>
    <ClCompile Include="model\IMMessage-odb.cpp">
      <Filter>源文件</Filter>
    </ClCompile>
    <ClCompile Include="model\Model.cpp">
      <Filter>源文件</Filter>
    </ClCompile>
    <ClCompile Include="model\Relationship.cpp">
      <Filter>源文件</Filter>
    </ClCompile>
    <ClCompile Include="model\Relationship-odb.cpp">
      <Filter>源文件</Filter>
    </ClCompile>
    <ClCompile Include="model\User.cpp">
      <Filter>源文件</Filter>
    </ClCompile>
    <ClCompile Include="model\User-odb.cpp">
      <Filter>源文件</Filter>
    </ClCompile>
  </ItemGroup>
  <ItemGroup>
    <None Include="model\IMGroup.d" />
    <None Include="model\IMGroupMember.d" />
    <None Include="model\IMGroupMember-odb.d" />
    <None Include="model\IMGroupMember-odb.ixx" />
    <None Include="model\IMGroup-odb.d" />
    <None Include="model\IMGroup-odb.ixx" />
    <None Include="model\IMMessage.d" />
    <None Include="model\IMMessage-odb.d" />
    <None Include="model\IMMessage-odb.ixx" />
    <None Include="model\makefile" />
    <None Include="model\makefile.bak" />
    <None Include="model\makefile.bak01" />
    <None Include="model\makefile.bak23" />
    <None Include="model\Model.d" />
    <None Include="model\Relationship.d" />
    <None Include="model\Relationship-odb.d" />
    <None Include="model\Relationship-odb.ixx" />
    <None Include="model\User.d" />
    <None Include="model\User-odb.d" />
    <None Include="model\User-odb.ixx" />
  </ItemGroup>
  <ItemGroup>
    <Object Include="model\IMGroup.o" />
  </ItemGroup>
</Project>